
Microsoft Visual Studio Solution File, Format Version 12.00
# Visual Studio Version 16
VisualStudioVersion = 16.0.32510.428
MinimumVisualStudioVersion = 10.0.40219.1
Project("{FAE04EC0-301F-11D3-BF4B-00C04F79EFBC}") = "ConsoleApp4", "ConsoleApp4\ConsoleApp4.csproj", "{97C1ECB8-C3ED-4F1B-9490-195FEB8C29AD}"
EndProject
Global
	GlobalSection(SolutionConfigurationPlatforms) = preSolution
		Debug|Any CPU = Debug|Any CPU
		Release|Any CPU = Release|Any CPU
	EndGlobalSection
	GlobalSection(ProjectConfigurationPlatforms) = postSolution
		{97C1ECB8-C3ED-4F1B-9490-195FEB8C29AD}.Debug|Any CPU.ActiveCfg = Debug|Any CPU
		{97C1ECB8-C3ED-4F1B-9490-195FEB8C29AD}.Debug|Any CPU.Build.0 = Debug|Any CPU
		{97C1ECB8-C3ED-4F1B-9490-195FEB8C29AD}.Release|Any CPU.ActiveCfg = Release|Any CPU
		{97C1ECB8-C3ED-4F1B-9490-195FEB8C29AD}.Release|Any CPU.Build.0 = Release|Any CPU
	EndGlobalSection
	GlobalSection(SolutionProperties) = preSolution
		HideSolutionNode = FALSE
	EndGlobalSection
	GlobalSection(ExtensibilityGlobals) = postSolution
		SolutionGuid = {08BF6222-B325-4217-BA77-DE59AF71ADF0}
	EndGlobalSection
EndGlobal
